// !$*UTF8*$!
{
	archiveVersion = 1;
	classes = {
	};
	objectVersion = 46;
	objects = {

/* Begin PBXBuildFile section */
		48018B1E1D527ED6002BDFB0 /* CommentCell.swift in Sources */ = {isa = PBXBuildFile; fileRef = 48018B1D1D527ED6002BDFB0 /* CommentCell.swift */; };
		4808BF851D5A784A004173C1 /* CommentViewCell.swift in Sources */ = {isa = PBXBuildFile; fileRef = 4808BF841D5A784A004173C1 /* CommentViewCell.swift */; };
		48349B1E1D1D78170038CA6D /* MyProjInfo.swift in Sources */ = {isa = PBXBuildFile; fileRef = 48349B1D1D1D78170038CA6D /* MyProjInfo.swift */; };
		485F5D311D13380D005A6591 /* ProfileStand.swift in Sources */ = {isa = PBXBuildFile; fileRef = 485F5D301D13380D005A6591 /* ProfileStand.swift */; };
		485F5D351D1845D6005A6591 /* StartAProject.swift in Sources */ = {isa = PBXBuildFile; fileRef = 485F5D341D1845D6005A6591 /* StartAProject.swift */; };
		485F5D371D187389005A6591 /* ProjectsCell.swift in Sources */ = {isa = PBXBuildFile; fileRef = 485F5D361D187389005A6591 /* ProjectsCell.swift */; };
		485F5D391D1876BC005A6591 /* JoinCell.swift in Sources */ = {isa = PBXBuildFile; fileRef = 485F5D381D1876BC005A6591 /* JoinCell.swift */; };
		485F5D3B1D187E20005A6591 /* JoinProjInfo.swift in Sources */ = {isa = PBXBuildFile; fileRef = 485F5D3A1D187E20005A6591 /* JoinProjInfo.swift */; };
		4860E2851D50289700D46277 /* Comment.swift in Sources */ = {isa = PBXBuildFile; fileRef = 4860E2841D50289700D46277 /* Comment.swift */; };
		4860E2871D50F6F400D46277 /* CommentSection.swift in Sources */ = {isa = PBXBuildFile; fileRef = 4860E2861D50F6F400D46277 /* CommentSection.swift */; };
		486B71CF1DC651140024C0DE /* MembersCell.swift in Sources */ = {isa = PBXBuildFile; fileRef = 486B71CE1DC651140024C0DE /* MembersCell.swift */; };
		4887A5491D0F331F00D5CC42 /* Assets.xcassets in Resources */ = {isa = PBXBuildFile; fileRef = 4887A5481D0F331F00D5CC42 /* Assets.xcassets */; };
		4887A54C1D0F331F00D5CC42 /* LaunchScreen.storyboard in Resources */ = {isa = PBXBuildFile; fileRef = 4887A54A1D0F331F00D5CC42 /* LaunchScreen.storyboard */; };
		4887A5571D0F331F00D5CC42 /* KidStartrTests.swift in Sources */ = {isa = PBXBuildFile; fileRef = 4887A5561D0F331F00D5CC42 /* KidStartrTests.swift */; };
		4887A5621D0F331F00D5CC42 /* KidStartrUITests.swift in Sources */ = {isa = PBXBuildFile; fileRef = 4887A5611D0F331F00D5CC42 /* KidStartrUITests.swift */; };
		4887A5701D0F335B00D5CC42 /* AppDelegate.swift in Sources */ = {isa = PBXBuildFile; fileRef = 4887A56F1D0F335B00D5CC42 /* AppDelegate.swift */; };
		4887A5741D0F336600D5CC42 /* Projects.swift in Sources */ = {isa = PBXBuildFile; fileRef = 4887A5731D0F336600D5CC42 /* Projects.swift */; };
		4887A5761D0F336B00D5CC42 /* ViewController.swift in Sources */ = {isa = PBXBuildFile; fileRef = 4887A5751D0F336B00D5CC42 /* ViewController.swift */; };
		4887A5781D0F337100D5CC42 /* MyProjects.swift in Sources */ = {isa = PBXBuildFile; fileRef = 4887A5771D0F337100D5CC42 /* MyProjects.swift */; };
		4887A57A1D0F337600D5CC42 /* JoinAProject.swift in Sources */ = {isa = PBXBuildFile; fileRef = 4887A5791D0F337600D5CC42 /* JoinAProject.swift */; };
		4887A57C1D0F337B00D5CC42 /* Signup.swift in Sources */ = {isa = PBXBuildFile; fileRef = 4887A57B1D0F337B00D5CC42 /* Signup.swift */; };
		4887A57E1D0F338000D5CC42 /* Profile.swift in Sources */ = {isa = PBXBuildFile; fileRef = 4887A57D1D0F338000D5CC42 /* Profile.swift */; };
		4887A5801D0F338500D5CC42 /* Main.storyboard in Resources */ = {isa = PBXBuildFile; fileRef = 4887A57F1D0F338500D5CC42 /* Main.storyboard */; };
		48888FD91D11AE7C00391864 /* Bolts.framework in Frameworks */ = {isa = PBXBuildFile; fileRef = 48888FD81D11AE7C00391864 /* Bolts.framework */; };
		48888FDB1D11AE8400391864 /* Parse.framework in Frameworks */ = {isa = PBXBuildFile; fileRef = 48888FDA1D11AE8400391864 /* Parse.framework */; };
		48888FDD1D11AEB900391864 /* libstdc++.6.tbd in Frameworks */ = {isa = PBXBuildFile; fileRef = 48888FDC1D11AEB900391864 /* libstdc++.6.tbd */; };
		48888FDF1D11AEC300391864 /* libsqlite3.tbd in Frameworks */ = {isa = PBXBuildFile; fileRef = 48888FDE1D11AEC300391864 /* libsqlite3.tbd */; };
		48888FE11D11AECC00391864 /* SystemConfiguration.framework in Frameworks */ = {isa = PBXBuildFile; fileRef = 48888FE01D11AECC00391864 /* SystemConfiguration.framework */; };
		48888FE31D11AEDA00391864 /* AudioToolbox.framework in Frameworks */ = {isa = PBXBuildFile; fileRef = 48888FE21D11AEDA00391864 /* AudioToolbox.framework */; };
		48EFE7691D3C094A00392554 /* InitialViewController.swift in Sources */ = {isa = PBXBuildFile; fileRef = 48EFE7681D3C094A00392554 /* InitialViewController.swift */; };
		48F2DFB51DC1676D006702B4 /* Members.swift in Sources */ = {isa = PBXBuildFile; fileRef = 48F2DFB41DC1676D006702B4 /* Members.swift */; };
		48F2DFB71DC167DB006702B4 /* Member.swift in Sources */ = {isa = PBXBuildFile; fileRef = 48F2DFB61DC167DB006702B4 /* Member.swift */; };
/* End PBXBuildFile section */

/* Begin PBXContainerItemProxy section */
		4887A5531D0F331F00D5CC42 /* PBXContainerItemProxy */ = {
			isa = PBXContainerItemProxy;
			containerPortal = 4887A5361D0F331E00D5CC42 /* Project object */;
			proxyType = 1;
			remoteGlobalIDString = 4887A53D1D0F331E00D5CC42;
			remoteInfo = KidStartr;
		};
		4887A55E1D0F331F00D5CC42 /* PBXContainerItemProxy */ = {
			isa = PBXContainerItemProxy;
			containerPortal = 4887A5361D0F331E00D5CC42 /* Project object */;
			proxyType = 1;
			remoteGlobalIDString = 4887A53D1D0F331E00D5CC42;
			remoteInfo = KidStartr;
		};
/* End PBXContainerItemProxy section */

/* Begin PBXFileReference section */
		48018B1D1D527ED6002BDFB0 /* CommentCell.swift */ = {isa = PBXFileReference; fileEncoding = 4; lastKnownFileType = sourcecode.swift; path = CommentCell.swift; sourceTree = "<group>"; };
		4808BF841D5A784A004173C1 /* CommentViewCell.swift */ = {isa = PBXFileReference; fileEncoding = 4; lastKnownFileType = sourcecode.swift; path = CommentViewCell.swift; sourceTree = "<group>"; };
		48349B1D1D1D78170038CA6D /* MyProjInfo.swift */ = {isa = PBXFileReference; fileEncoding = 4; lastKnownFileType = sourcecode.swift; path = MyProjInfo.swift; sourceTree = "<group>"; };
		485F5D301D13380D005A6591 /* ProfileStand.swift */ = {isa = PBXFileReference; fileEncoding = 4; lastKnownFileType = sourcecode.swift; path = ProfileStand.swift; sourceTree = "<group>"; };
		485F5D341D1845D6005A6591 /* StartAProject.swift */ = {isa = PBXFileReference; fileEncoding = 4; lastKnownFileType = sourcecode.swift; path = StartAProject.swift; sourceTree = "<group>"; };
		485F5D361D187389005A6591 /* ProjectsCell.swift */ = {isa = PBXFileReference; fileEncoding = 4; lastKnownFileType = sourcecode.swift; path = ProjectsCell.swift; sourceTree = "<group>"; };
		485F5D381D1876BC005A6591 /* JoinCell.swift */ = {isa = PBXFileReference; fileEncoding = 4; lastKnownFileType = sourcecode.swift; path = JoinCell.swift; sourceTree = "<group>"; };
		485F5D3A1D187E20005A6591 /* JoinProjInfo.swift */ = {isa = PBXFileReference; fileEncoding = 4; lastKnownFileType = sourcecode.swift; path = JoinProjInfo.swift; sourceTree = "<group>"; };
		4860E2841D50289700D46277 /* Comment.swift */ = {isa = PBXFileReference; fileEncoding = 4; lastKnownFileType = sourcecode.swift; path = Comment.swift; sourceTree = "<group>"; };
		4860E2861D50F6F400D46277 /* CommentSection.swift */ = {isa = PBXFileReference; fileEncoding = 4; lastKnownFileType = sourcecode.swift; path = CommentSection.swift; sourceTree = "<group>"; };
		486B71CE1DC651140024C0DE /* MembersCell.swift */ = {isa = PBXFileReference; fileEncoding = 4; lastKnownFileType = sourcecode.swift; path = MembersCell.swift; sourceTree = "<group>"; };
		4887A53E1D0F331E00D5CC42 /* KidStartr.app */ = {isa = PBXFileReference; explicitFileType = wrapper.application; includeInIndex = 0; path = KidStartr.app; sourceTree = BUILT_PRODUCTS_DIR; };
		4887A5481D0F331F00D5CC42 /* Assets.xcassets */ = {isa = PBXFileReference; lastKnownFileType = folder.assetcatalog; path = Assets.xcassets; sourceTree = "<group>"; };
		4887A54B1D0F331F00D5CC42 /* Base */ = {isa = PBXFileReference; lastKnownFileType = file.storyboard; name = Base; path = Base.lproj/LaunchScreen.storyboard; sourceTree = "<group>"; };
		4887A54D1D0F331F00D5CC42 /* Info.plist */ = {isa = PBXFileReference; lastKnownFileType = text.plist.xml; path = Info.plist; sourceTree = "<group>"; };
		4887A5521D0F331F00D5CC42 /* KidStartrTests.xctest */ = {isa = PBXFileReference; explicitFileType = wrapper.cfbundle; includeInIndex = 0; path = KidStartrTests.xctest; sourceTree = BUILT_PRODUCTS_DIR; };
		4887A5561D0F331F00D5CC42 /* KidStartrTests.swift */ = {isa = PBXFileReference; lastKnownFileType = sourcecode.swift; path = KidStartrTests.swift; sourceTree = "<group>"; };
		4887A5581D0F331F00D5CC42 /* Info.plist */ = {isa = PBXFileReference; lastKnownFileType = text.plist.xml; path = Info.plist; sourceTree = "<group>"; };
		4887A55D1D0F331F00D5CC42 /* KidStartrUITests.xctest */ = {isa = PBXFileReference; explicitFileType = wrapper.cfbundle; includeInIndex = 0; path = KidStartrUITests.xctest; sourceTree = BUILT_PRODUCTS_DIR; };
		4887A5611D0F331F00D5CC42 /* KidStartrUITests.swift */ = {isa = PBXFileReference; lastKnownFileType = sourcecode.swift; path = KidStartrUITests.swift; sourceTree = "<group>"; };
		4887A5631D0F331F00D5CC42 /* Info.plist */ = {isa = PBXFileReference; lastKnownFileType = text.plist.xml; path = Info.plist; sourceTree = "<group>"; };
		4887A56F1D0F335B00D5CC42 /* AppDelegate.swift */ = {isa = PBXFileReference; fileEncoding = 4; lastKnownFileType = sourcecode.swift; path = AppDelegate.swift; sourceTree = "<group>"; };
		4887A5731D0F336600D5CC42 /* Projects.swift */ = {isa = PBXFileReference; fileEncoding = 4; lastKnownFileType = sourcecode.swift; path = Projects.swift; sourceTree = "<group>"; };
		4887A5751D0F336B00D5CC42 /* ViewController.swift */ = {isa = PBXFileReference; fileEncoding = 4; lastKnownFileType = sourcecode.swift; path = ViewController.swift; sourceTree = "<group>"; };
		4887A5771D0F337100D5CC42 /* MyProjects.swift */ = {isa = PBXFileReference; fileEncoding = 4; lastKnownFileType = sourcecode.swift; path = MyProjects.swift; sourceTree = "<group>"; };
		4887A5791D0F337600D5CC42 /* JoinAProject.swift */ = {isa = PBXFileReference; fileEncoding = 4; lastKnownFileType = sourcecode.swift; path = JoinAProject.swift; sourceTree = "<group>"; };
		4887A57B1D0F337B00D5CC42 /* Signup.swift */ = {isa = PBXFileReference; fileEncoding = 4; lastKnownFileType = sourcecode.swift; path = Signup.swift; sourceTree = "<group>"; };
		4887A57D1D0F338000D5CC42 /* Profile.swift */ = {isa = PBXFileReference; fileEncoding = 4; lastKnownFileType = sourcecode.swift; path = Profile.swift; sourceTree = "<group>"; };
		4887A57F1D0F338500D5CC42 /* Main.storyboard */ = {isa = PBXFileReference; fileEncoding = 4; lastKnownFileType = file.storyboard; path = Main.storyboard; sourceTree = "<group>"; };
		48888FD81D11AE7C00391864 /* Bolts.framework */ = {isa = PBXFileReference; lastKnownFileType = wrapper.framework; path = Bolts.framework; sourceTree = "<group>"; };
		48888FDA1D11AE8400391864 /* Parse.framework */ = {isa = PBXFileReference; lastKnownFileType = wrapper.framework; path = Parse.framework; sourceTree = "<group>"; };
		48888FDC1D11AEB900391864 /* libstdc++.6.tbd */ = {isa = PBXFileReference; lastKnownFileType = "sourcecode.text-based-dylib-definition"; name = "libstdc++.6.tbd"; path = "usr/lib/libstdc++.6.tbd"; sourceTree = SDKROOT; };
		48888FDE1D11AEC300391864 /* libsqlite3.tbd */ = {isa = PBXFileReference; lastKnownFileType = "sourcecode.text-based-dylib-definition"; name = libsqlite3.tbd; path = usr/lib/libsqlite3.tbd; sourceTree = SDKROOT; };
		48888FE01D11AECC00391864 /* SystemConfiguration.framework */ = {isa = PBXFileReference; lastKnownFileType = wrapper.framework; name = SystemConfiguration.framework; path = System/Library/Frameworks/SystemConfiguration.framework; sourceTree = SDKROOT; };
		48888FE21D11AEDA00391864 /* AudioToolbox.framework */ = {isa = PBXFileReference; lastKnownFileType = wrapper.framework; name = AudioToolbox.framework; path = System/Library/Frameworks/AudioToolbox.framework; sourceTree = SDKROOT; };
		48EFE7681D3C094A00392554 /* InitialViewController.swift */ = {isa = PBXFileReference; fileEncoding = 4; lastKnownFileType = sourcecode.swift; path = InitialViewController.swift; sourceTree = "<group>"; };
		48F2DFB41DC1676D006702B4 /* Members.swift */ = {isa = PBXFileReference; fileEncoding = 4; lastKnownFileType = sourcecode.swift; path = Members.swift; sourceTree = "<group>"; };
		48F2DFB61DC167DB006702B4 /* Member.swift */ = {isa = PBXFileReference; fileEncoding = 4; lastKnownFileType = sourcecode.swift; path = Member.swift; sourceTree = "<group>"; };
/* End PBXFileReference section */

/* Begin PBXFrameworksBuildPhase section */
		4887A53B1D0F331E00D5CC42 /* Frameworks */ = {
			isa = PBXFrameworksBuildPhase;
			buildActionMask = 2147483647;
			files = (
				48888FE31D11AEDA00391864 /* AudioToolbox.framework in Frameworks */,
				48888FE11D11AECC00391864 /* SystemConfiguration.framework in Frameworks */,
				48888FDF1D11AEC300391864 /* libsqlite3.tbd in Frameworks */,
				48888FDD1D11AEB900391864 /* libstdc++.6.tbd in Frameworks */,
				48888FDB1D11AE8400391864 /* Parse.framework in Frameworks */,
				48888FD91D11AE7C00391864 /* Bolts.framework in Frameworks */,
			);
			runOnlyForDeploymentPostprocessing = 0;
		};
		4887A54F1D0F331F00D5CC42 /* Frameworks */ = {
			isa = PBXFrameworksBuildPhase;
			buildActionMask = 2147483647;
			files = (
			);
			runOnlyForDeploymentPostprocessing = 0;
		};
		4887A55A1D0F331F00D5CC42 /* Frameworks */ = {
			isa = PBXFrameworksBuildPhase;
			buildActionMask = 2147483647;
			files = (
			);
			runOnlyForDeploymentPostprocessing = 0;
		};
/* End PBXFrameworksBuildPhase section */

/* Begin PBXGroup section */
		4853F3E41D1ADE8D007E95F7 /* JoinAProject */ = {
			isa = PBXGroup;
			children = (
				4887A5791D0F337600D5CC42 /* JoinAProject.swift */,
				485F5D381D1876BC005A6591 /* JoinCell.swift */,
				485F5D3A1D187E20005A6591 /* JoinProjInfo.swift */,
			);
			name = JoinAProject;
			sourceTree = "<group>";
		};
		4853F3E51D1ADEB8007E95F7 /* MyProjects */ = {
			isa = PBXGroup;
			children = (
				4887A5731D0F336600D5CC42 /* Projects.swift */,
				4887A5771D0F337100D5CC42 /* MyProjects.swift */,
				485F5D361D187389005A6591 /* ProjectsCell.swift */,
				485F5D341D1845D6005A6591 /* StartAProject.swift */,
				48349B1D1D1D78170038CA6D /* MyProjInfo.swift */,
				4808BF841D5A784A004173C1 /* CommentViewCell.swift */,
				4860E2841D50289700D46277 /* Comment.swift */,
				4860E2861D50F6F400D46277 /* CommentSection.swift */,
				48018B1D1D527ED6002BDFB0 /* CommentCell.swift */,
				48F2DFB41DC1676D006702B4 /* Members.swift */,
				48F2DFB61DC167DB006702B4 /* Member.swift */,
				486B71CE1DC651140024C0DE /* MembersCell.swift */,
			);
			name = MyProjects;
			sourceTree = "<group>";
		};
		4853F3E61D1ADED9007E95F7 /* User */ = {
			isa = PBXGroup;
			children = (
				4887A5751D0F336B00D5CC42 /* ViewController.swift */,
				48EFE7681D3C094A00392554 /* InitialViewController.swift */,
				4887A57B1D0F337B00D5CC42 /* Signup.swift */,
				485F5D301D13380D005A6591 /* ProfileStand.swift */,
				4887A57D1D0F338000D5CC42 /* Profile.swift */,
			);
			name = User;
			sourceTree = "<group>";
		};
		4853F3E71D1AE01C007E95F7 /* Storyboards */ = {
			isa = PBXGroup;
			children = (
				4887A54A1D0F331F00D5CC42 /* LaunchScreen.storyboard */,
				4887A57F1D0F338500D5CC42 /* Main.storyboard */,
			);
			name = Storyboards;
			sourceTree = "<group>";
		};
		4853F3E81D1AE047007E95F7 /* Frameworks */ = {
			isa = PBXGroup;
			children = (
				48888FE21D11AEDA00391864 /* AudioToolbox.framework */,
				48888FE01D11AECC00391864 /* SystemConfiguration.framework */,
				48888FDE1D11AEC300391864 /* libsqlite3.tbd */,
				48888FDC1D11AEB900391864 /* libstdc++.6.tbd */,
				48888FDA1D11AE8400391864 /* Parse.framework */,
				48888FD81D11AE7C00391864 /* Bolts.framework */,
			);
			name = Frameworks;
			sourceTree = "<group>";
		};
		4887A5351D0F331E00D5CC42 = {
			isa = PBXGroup;
			children = (
				4853F3E81D1AE047007E95F7 /* Frameworks */,
				4887A5401D0F331E00D5CC42 /* KidStartr */,
				4887A5551D0F331F00D5CC42 /* KidStartrTests */,
				4887A5601D0F331F00D5CC42 /* KidStartrUITests */,
				4887A53F1D0F331E00D5CC42 /* Products */,
			);
			sourceTree = "<group>";
		};
		4887A53F1D0F331E00D5CC42 /* Products */ = {
			isa = PBXGroup;
			children = (
				4887A53E1D0F331E00D5CC42 /* KidStartr.app */,
				4887A5521D0F331F00D5CC42 /* KidStartrTests.xctest */,
				4887A55D1D0F331F00D5CC42 /* KidStartrUITests.xctest */,
			);
			name = Products;
			sourceTree = "<group>";
		};
		4887A5401D0F331E00D5CC42 /* KidStartr */ = {
			isa = PBXGroup;
			children = (
				4853F3E71D1AE01C007E95F7 /* Storyboards */,
				4853F3E61D1ADED9007E95F7 /* User */,
				4853F3E51D1ADEB8007E95F7 /* MyProjects */,
				4853F3E41D1ADE8D007E95F7 /* JoinAProject */,
				4887A56F1D0F335B00D5CC42 /* AppDelegate.swift */,
				4887A5481D0F331F00D5CC42 /* Assets.xcassets */,
				4887A54D1D0F331F00D5CC42 /* Info.plist */,
			);
			path = KidStartr;
			sourceTree = "<group>";
		};
		4887A5551D0F331F00D5CC42 /* KidStartrTests */ = {
			isa = PBXGroup;
			children = (
				4887A5561D0F331F00D5CC42 /* KidStartrTests.swift */,
				4887A5581D0F331F00D5CC42 /* Info.plist */,
			);
			path = KidStartrTests;
			sourceTree = "<group>";
		};
		4887A5601D0F331F00D5CC42 /* KidStartrUITests */ = {
			isa = PBXGroup;
			children = (
				4887A5611D0F331F00D5CC42 /* KidStartrUITests.swift */,
				4887A5631D0F331F00D5CC42 /* Info.plist */,
			);
			path = KidStartrUITests;
			sourceTree = "<group>";
		};
/* End PBXGroup section */

/* Begin PBXNativeTarget section */
		4887A53D1D0F331E00D5CC42 /* KidStartr */ = {
			isa = PBXNativeTarget;
			buildConfigurationList = 4887A5661D0F331F00D5CC42 /* Build configuration list for PBXNativeTarget "KidStartr" */;
			buildPhases = (
				4887A53A1D0F331E00D5CC42 /* Sources */,
				4887A53B1D0F331E00D5CC42 /* Frameworks */,
				4887A53C1D0F331E00D5CC42 /* Resources */,
			);
			buildRules = (
			);
			dependencies = (
			);
			name = KidStartr;
			productName = KidStartr;
			productReference = 4887A53E1D0F331E00D5CC42 /* KidStartr.app */;
			productType = "com.apple.product-type.application";
		};
		4887A5511D0F331F00D5CC42 /* KidStartrTests */ = {
			isa = PBXNativeTarget;
			buildConfigurationList = 4887A5691D0F331F00D5CC42 /* Build configuration list for PBXNativeTarget "KidStartrTests" */;
			buildPhases = (
				4887A54E1D0F331F00D5CC42 /* Sources */,
				4887A54F1D0F331F00D5CC42 /* Frameworks */,
				4887A5501D0F331F00D5CC42 /* Resources */,
			);
			buildRules = (
			);
			dependencies = (
				4887A5541D0F331F00D5CC42 /* PBXTargetDependency */,
			);
			name = KidStartrTests;
			productName = KidStartrTests;
			productReference = 4887A5521D0F331F00D5CC42 /* KidStartrTests.xctest */;
			productType = "com.apple.product-type.bundle.unit-test";
		};
		4887A55C1D0F331F00D5CC42 /* KidStartrUITests */ = {
			isa = PBXNativeTarget;
			buildConfigurationList = 4887A56C1D0F331F00D5CC42 /* Build configuration list for PBXNativeTarget "KidStartrUITests" */;
			buildPhases = (
				4887A5591D0F331F00D5CC42 /* Sources */,
				4887A55A1D0F331F00D5CC42 /* Frameworks */,
				4887A55B1D0F331F00D5CC42 /* Resources */,
			);
			buildRules = (
			);
			dependencies = (
				4887A55F1D0F331F00D5CC42 /* PBXTargetDependency */,
			);
			name = KidStartrUITests;
			productName = KidStartrUITests;
			productReference = 4887A55D1D0F331F00D5CC42 /* KidStartrUITests.xctest */;
			productType = "com.apple.product-type.bundle.ui-testing";
		};
/* End PBXNativeTarget section */

/* Begin PBXProject section */
		4887A5361D0F331E00D5CC42 /* Project object */ = {
			isa = PBXProject;
			attributes = {
				LastSwiftUpdateCheck = 0730;
				LastUpgradeCheck = 0800;
				ORGANIZATIONNAME = "Matt Keating";
				TargetAttributes = {
					4887A53D1D0F331E00D5CC42 = {
						CreatedOnToolsVersion = 7.3;
						DevelopmentTeam = D7FEYH9PM7;
						LastSwiftMigration = 0800;
					};
					4887A5511D0F331F00D5CC42 = {
						CreatedOnToolsVersion = 7.3;
						LastSwiftMigration = 0800;
						TestTargetID = 4887A53D1D0F331E00D5CC42;
					};
					4887A55C1D0F331F00D5CC42 = {
						CreatedOnToolsVersion = 7.3;
						LastSwiftMigration = 0800;
						TestTargetID = 4887A53D1D0F331E00D5CC42;
					};
				};
			};
			buildConfigurationList = 4887A5391D0F331E00D5CC42 /* Build configuration list for PBXProject "KidStartr" */;
			compatibilityVersion = "Xcode 3.2";
			developmentRegion = English;
			hasScannedForEncodings = 0;
			knownRegions = (
				en,
				Base,
			);
			mainGroup = 4887A5351D0F331E00D5CC42;
			productRefGroup = 4887A53F1D0F331E00D5CC42 /* Products */;
			projectDirPath = "";
			projectRoot = "";
			targets = (
				4887A53D1D0F331E00D5CC42 /* KidStartr */,
				4887A5511D0F331F00D5CC42 /* KidStartrTests */,
				4887A55C1D0F331F00D5CC42 /* KidStartrUITests */,
			);
		};
/* End PBXProject section */

/* Begin PBXResourcesBuildPhase section */
		4887A53C1D0F331E00D5CC42 /* Resources */ = {
			isa = PBXResourcesBuildPhase;
			buildActionMask = 2147483647;
			files = (
				4887A5801D0F338500D5CC42 /* Main.storyboard in Resources */,
				4887A54C1D0F331F00D5CC42 /* LaunchScreen.storyboard in Resources */,
				4887A5491D0F331F00D5CC42 /* Assets.xcassets in Resources */,
			);
			runOnlyForDeploymentPostprocessing = 0;
		};
		4887A5501D0F331F00D5CC42 /* Resources */ = {
			isa = PBXResourcesBuildPhase;
			buildActionMask = 2147483647;
			files = (
			);
			runOnlyForDeploymentPostprocessing = 0;
		};
		4887A55B1D0F331F00D5CC42 /* Resources */ = {
			isa = PBXResourcesBuildPhase;
			buildActionMask = 2147483647;
			files = (
			);
			runOnlyForDeploymentPostprocessing = 0;
		};
/* End PBXResourcesBuildPhase section */

/* Begin PBXSourcesBuildPhase section */
		4887A53A1D0F331E00D5CC42 /* Sources */ = {
			isa = PBXSourcesBuildPhase;
			buildActionMask = 2147483647;
			files = (
				4887A57C1D0F337B00D5CC42 /* Signup.swift in Sources */,
				48EFE7691D3C094A00392554 /* InitialViewController.swift in Sources */,
				4887A57E1D0F338000D5CC42 /* Profile.swift in Sources */,
				4887A5741D0F336600D5CC42 /* Projects.swift in Sources */,
				486B71CF1DC651140024C0DE /* MembersCell.swift in Sources */,
				4887A5781D0F337100D5CC42 /* MyProjects.swift in Sources */,
				485F5D3B1D187E20005A6591 /* JoinProjInfo.swift in Sources */,
				4808BF851D5A784A004173C1 /* CommentViewCell.swift in Sources */,
				4887A5701D0F335B00D5CC42 /* AppDelegate.swift in Sources */,
				4860E2871D50F6F400D46277 /* CommentSection.swift in Sources */,
				485F5D351D1845D6005A6591 /* StartAProject.swift in Sources */,
				48F2DFB51DC1676D006702B4 /* Members.swift in Sources */,
				48018B1E1D527ED6002BDFB0 /* CommentCell.swift in Sources */,
				485F5D311D13380D005A6591 /* ProfileStand.swift in Sources */,
				48349B1E1D1D78170038CA6D /* MyProjInfo.swift in Sources */,
				4860E2851D50289700D46277 /* Comment.swift in Sources */,
				4887A5761D0F336B00D5CC42 /* ViewController.swift in Sources */,
				4887A57A1D0F337600D5CC42 /* JoinAProject.swift in Sources */,
				485F5D391D1876BC005A6591 /* JoinCell.swift in Sources */,
				485F5D371D187389005A6591 /* ProjectsCell.swift in Sources */,
				48F2DFB71DC167DB006702B4 /* Member.swift in Sources */,
			);
			runOnlyForDeploymentPostprocessing = 0;
		};
		4887A54E1D0F331F00D5CC42 /* Sources */ = {
			isa = PBXSourcesBuildPhase;
			buildActionMask = 2147483647;
			files = (
				4887A5571D0F331F00D5CC42 /* KidStartrTests.swift in Sources */,
			);
			runOnlyForDeploymentPostprocessing = 0;
		};
		4887A5591D0F331F00D5CC42 /* Sources */ = {
			isa = PBXSourcesBuildPhase;
			buildActionMask = 2147483647;
			files = (
				4887A5621D0F331F00D5CC42 /* KidStartrUITests.swift in Sources */,
			);
			runOnlyForDeploymentPostprocessing = 0;
		};
/* End PBXSourcesBuildPhase section */

/* Begin PBXTargetDependency section */
		4887A5541D0F331F00D5CC42 /* PBXTargetDependency */ = {
			isa = PBXTargetDependency;
			target = 4887A53D1D0F331E00D5CC42 /* KidStartr */;
			targetProxy = 4887A5531D0F331F00D5CC42 /* PBXContainerItemProxy */;
		};
		4887A55F1D0F331F00D5CC42 /* PBXTargetDependency */ = {
			isa = PBXTargetDependency;
			target = 4887A53D1D0F331E00D5CC42 /* KidStartr */;
			targetProxy = 4887A55E1D0F331F00D5CC42 /* PBXContainerItemProxy */;
		};
/* End PBXTargetDependency section */

/* Begin PBXVariantGroup section */
		4887A54A1D0F331F00D5CC42 /* LaunchScreen.storyboard */ = {
			isa = PBXVariantGroup;
			children = (
				4887A54B1D0F331F00D5CC42 /* Base */,
			);
			name = LaunchScreen.storyboard;
			sourceTree = "<group>";
		};
/* End PBXVariantGroup section */

/* Begin XCBuildConfiguration section */
		4887A5641D0F331F00D5CC42 /* Debug */ = {
			isa = XCBuildConfiguration;
			buildSettings = {
				ALWAYS_SEARCH_USER_PATHS = NO;
				CLANG_ANALYZER_NONNULL = YES;
				CLANG_CXX_LANGUAGE_STANDARD = "gnu++0x";
				CLANG_CXX_LIBRARY = "libc++";
				CLANG_ENABLE_MODULES = YES;
				CLANG_ENABLE_OBJC_ARC = YES;
				CLANG_WARN_BOOL_CONVERSION = YES;
				CLANG_WARN_CONSTANT_CONVERSION = YES;
				CLANG_WARN_DIRECT_OBJC_ISA_USAGE = YES_ERROR;
				CLANG_WARN_EMPTY_BODY = YES;
				CLANG_WARN_ENUM_CONVERSION = YES;
				CLANG_WARN_INFINITE_RECURSION = YES;
				CLANG_WARN_INT_CONVERSION = YES;
				CLANG_WARN_OBJC_ROOT_CLASS = YES_ERROR;
				CLANG_WARN_SUSPICIOUS_MOVE = YES;
				CLANG_WARN_UNREACHABLE_CODE = YES;
				CLANG_WARN__DUPLICATE_METHOD_MATCH = YES;
				"CODE_SIGN_IDENTITY[sdk=iphoneos*]" = "iPhone Developer";
				COPY_PHASE_STRIP = NO;
				DEBUG_INFORMATION_FORMAT = dwarf;
				ENABLE_STRICT_OBJC_MSGSEND = YES;
				ENABLE_TESTABILITY = YES;
				GCC_C_LANGUAGE_STANDARD = gnu99;
				GCC_DYNAMIC_NO_PIC = NO;
				GCC_NO_COMMON_BLOCKS = YES;
				GCC_OPTIMIZATION_LEVEL = 0;
				GCC_PREPROCESSOR_DEFINITIONS = (
					"DEBUG=1",
					"$(inherited)",
				);
				GCC_WARN_64_TO_32_BIT_CONVERSION = YES;
				GCC_WARN_ABOUT_RETURN_TYPE = YES_ERROR;
				GCC_WARN_UNDECLARED_SELECTOR = YES;
				GCC_WARN_UNINITIALIZED_AUTOS = YES_AGGRESSIVE;
				GCC_WARN_UNUSED_FUNCTION = YES;
				GCC_WARN_UNUSED_VARIABLE = YES;
				IPHONEOS_DEPLOYMENT_TARGET = 9.3;
				MTL_ENABLE_DEBUG_INFO = YES;
				ONLY_ACTIVE_ARCH = YES;
				SDKROOT = iphoneos;
				SWIFT_OPTIMIZATION_LEVEL = "-Onone";
			};
			name = Debug;
		};
		4887A5651D0F331F00D5CC42 /* Release */ = {
			isa = XCBuildConfiguration;
			buildSettings = {
				ALWAYS_SEARCH_USER_PATHS = NO;
				CLANG_ANALYZER_NONNULL = YES;
				CLANG_CXX_LANGUAGE_STANDARD = "gnu++0x";
				CLANG_CXX_LIBRARY = "libc++";
				CLANG_ENABLE_MODULES = YES;
				CLANG_ENABLE_OBJC_ARC = YES;
				CLANG_WARN_BOOL_CONVERSION = YES;
				CLANG_WARN_CONSTANT_CONVERSION = YES;
				CLANG_WARN_DIRECT_OBJC_ISA_USAGE = YES_ERROR;
				CLANG_WARN_EMPTY_BODY = YES;
				CLANG_WARN_ENUM_CONVERSION = YES;
				CLANG_WARN_INFINITE_RECURSION = YES;
				CLANG_WARN_INT_CONVERSION = YES;
				CLANG_WARN_OBJC_ROOT_CLASS = YES_ERROR;
				CLANG_WARN_SUSPICIOUS_MOVE = YES;
				CLANG_WARN_UNREACHABLE_CODE = YES;
				CLANG_WARN__DUPLICATE_METHOD_MATCH = YES;
				"CODE_SIGN_IDENTITY[sdk=iphoneos*]" = "iPhone Developer";
				COPY_PHASE_STRIP = NO;
				DEBUG_INFORMATION_FORMAT = "dwarf-with-dsym";
				ENABLE_NS_ASSERTIONS = NO;
				ENABLE_STRICT_OBJC_MSGSEND = YES;
				GCC_C_LANGUAGE_STANDARD = gnu99;
				GCC_NO_COMMON_BLOCKS = YES;
				GCC_WARN_64_TO_32_BIT_CONVERSION = YES;
				GCC_WARN_ABOUT_RETURN_TYPE = YES_ERROR;
				GCC_WARN_UNDECLARED_SELECTOR = YES;
				GCC_WARN_UNINITIALIZED_AUTOS = YES_AGGRESSIVE;
				GCC_WARN_UNUSED_FUNCTION = YES;
				GCC_WARN_UNUSED_VARIABLE = YES;
				IPHONEOS_DEPLOYMENT_TARGET = 9.3;
				MTL_ENABLE_DEBUG_INFO = NO;
				SDKROOT = iphoneos;
				SWIFT_OPTIMIZATION_LEVEL = "-Owholemodule";
				VALIDATE_PRODUCT = YES;
			};
			name = Release;
		};
		4887A5671D0F331F00D5CC42 /* Debug */ = {
			isa = XCBuildConfiguration;
			buildSettings = {
				ASSETCATALOG_COMPILER_APPICON_NAME = AppIcon;
				CLANG_ENABLE_MODULES = YES;
				CODE_SIGN_IDENTITY = "iPhone Developer";
				"CODE_SIGN_IDENTITY[sdk=iphoneos*]" = "iPhone Developer";
				FRAMEWORK_SEARCH_PATHS = (
					"$(inherited)",
					"$(PROJECT_DIR)",
				);
				INFOPLIST_FILE = KidStartr/Info.plist;
				IPHONEOS_DEPLOYMENT_TARGET = 9.3;
				LD_RUNPATH_SEARCH_PATHS = "$(inherited) @executable_path/Frameworks";
				PRODUCT_BUNDLE_IDENTIFIER = com.KidStartrApp.KidStartr;
				PRODUCT_NAME = "$(TARGET_NAME)";
				PROVISIONING_PROFILE = "";
				SWIFT_OPTIMIZATION_LEVEL = "-Onone";
				SWIFT_VERSION = 3.0;
			};
			name = Debug;
		};
		4887A5681D0F331F00D5CC42 /* Release */ = {
			isa = XCBuildConfiguration;
			buildSettings = {
				ASSETCATALOG_COMPILER_APPICON_NAME = AppIcon;
				CLANG_ENABLE_MODULES = YES;
				CODE_SIGN_IDENTITY = "iPhone Developer";
				"CODE_SIGN_IDENTITY[sdk=iphoneos*]" = "iPhone Developer";
				FRAMEWORK_SEARCH_PATHS = (
					"$(inherited)",
					"$(PROJECT_DIR)",
				);
				INFOPLIST_FILE = KidStartr/Info.plist;
				IPHONEOS_DEPLOYMENT_TARGET = 9.3;
				LD_RUNPATH_SEARCH_PATHS = "$(inherited) @executable_path/Frameworks";
				PRODUCT_BUNDLE_IDENTIFIER = com.KidStartrApp.KidStartr;
				PRODUCT_NAME = "$(TARGET_NAME)";
				PROVISIONING_PROFILE = "";
				SWIFT_VERSION = 3.0;
			};
			name = Release;
		};
		4887A56A1D0F331F00D5CC42 /* Debug */ = {
			isa = XCBuildConfiguration;
			buildSettings = {
				BUNDLE_LOADER = "$(TEST_HOST)";
				INFOPLIST_FILE = KidStartrTests/Info.plist;
				LD_RUNPATH_SEARCH_PATHS = "$(inherited) @executable_path/Frameworks @loader_path/Frameworks";
				PRODUCT_BUNDLE_IDENTIFIER = com.KidStartr.KidStartrTests;
				PRODUCT_NAME = "$(TARGET_NAME)";
				SWIFT_VERSION = 3.0;
				TEST_HOST = "$(BUILT_PRODUCTS_DIR)/KidStartr.app/KidStartr";
			};
			name = Debug;
		};
		4887A56B1D0F331F00D5CC42 /* Release */ = {
			isa = XCBuildConfiguration;
			buildSettings = {
				BUNDLE_LOADER = "$(TEST_HOST)";
				INFOPLIST_FILE = KidStartrTests/Info.plist;
				LD_RUNPATH_SEARCH_PATHS = "$(inherited) @executable_path/Frameworks @loader_path/Frameworks";
				PRODUCT_BUNDLE_IDENTIFIER = com.KidStartr.KidStartrTests;
				PRODUCT_NAME = "$(TARGET_NAME)";
				SWIFT_VERSION = 3.0;
				TEST_HOST = "$(BUILT_PRODUCTS_DIR)/KidStartr.app/KidStartr";
			};
			name = Release;
		};
		4887A56D1D0F331F00D5CC42 /* Debug */ = {
			isa = XCBuildConfiguration;
			buildSettings = {
				"CODE_SIGN_ENTITLEMENTS[sdk=*]" = "";
				INFOPLIST_FILE = KidStartrUITests/Info.plist;
				LD_RUNPATH_SEARCH_PATHS = "$(inherited) @executable_path/Frameworks @loader_path/Frameworks";
				PRODUCT_BUNDLE_IDENTIFIER = com.KidStartr.KidStartrUITests;
				PRODUCT_NAME = "$(TARGET_NAME)";
				SWIFT_VERSION = 3.0;
				TEST_TARGET_NAME = KidStartr;
			};
			name = Debug;
		};
		4887A56E1D0F331F00D5CC42 /* Release */ = {
			isa = XCBuildConfiguration;
			buildSettings = {
				"CODE_SIGN_ENTITLEMENTS[sdk=*]" = "";
				INFOPLIST_FILE = KidStartrUITests/Info.plist;
				LD_RUNPATH_SEARCH_PATHS = "$(inherited) @executable_path/Frameworks @loader_path/Frameworks";
				PRODUCT_BUNDLE_IDENTIFIER = com.KidStartr.KidStartrUITests;
				PRODUCT_NAME = "$(TARGET_NAME)";
				SWIFT_VERSION = 3.0;
				TEST_TARGET_NAME = KidStartr;
			};
			name = Release;
		};
/* End XCBuildConfiguration section */

/* Begin XCConfigurationList section */
		4887A5391D0F331E00D5CC42 /* Build configuration list for PBXProject "KidStartr" */ = {
			isa = XCConfigurationList;
			buildConfigurations = (
				4887A5641D0F331F00D5CC42 /* Debug */,
				4887A5651D0F331F00D5CC42 /* Release */,
			);
			defaultConfigurationIsVisible = 0;
			defaultConfigurationName = Release;
		};
		4887A5661D0F331F00D5CC42 /* Build configuration list for PBXNativeTarget "KidStartr" */ = {
			isa = XCConfigurationList;
			buildConfigurations = (
				4887A5671D0F331F00D5CC42 /* Debug */,
				4887A5681D0F331F00D5CC42 /* Release */,
			);
			defaultConfigurationIsVisible = 0;
			defaultConfigurationName = Release;
		};
		4887A5691D0F331F00D5CC42 /* Build configuration list for PBXNativeTarget "KidStartrTests" */ = {
			isa = XCConfigurationList;
			buildConfigurations = (
				4887A56A1D0F331F00D5CC42 /* Debug */,
				4887A56B1D0F331F00D5CC42 /* Release */,
			);
			defaultConfigurationIsVisible = 0;
			defaultConfigurationName = Release;
		};
		4887A56C1D0F331F00D5CC42 /* Build configuration list for PBXNativeTarget "KidStartrUITests" */ = {
			isa = XCConfigurationList;
			buildConfigurations = (
				4887A56D1D0F331F00D5CC42 /* Debug */,
				4887A56E1D0F331F00D5CC42 /* Release */,
			);
			defaultConfigurationIsVisible = 0;
			defaultConfigurationName = Release;
		};
/* End XCConfigurationList section */
	};
	rootObject = 4887A5361D0F331E00D5CC42 /* Project object */;
}
