// !$*UTF8*$!
{
	archiveVersion = 1;
	classes = {
	};
	objectVersion = 46;
	objects = {

/* Begin PBXBuildFile section */
		4887A5421D0F331E00D5CC42 /* AppDelegate.swift in Sources */ = {isa = PBXBuildFile; fileRef = 4887A5411D0F331E00D5CC42 /* AppDelegate.swift */; };
		4887A5441D0F331E00D5CC42 /* ViewController.swift in Sources */ = {isa = PBXBuildFile; fileRef = 4887A5431D0F331E00D5CC42 /* ViewController.swift */; };
		4887A5471D0F331E00D5CC42 /* Main.storyboard in Resources */ = {isa = PBXBuildFile; fileRef = 4887A5451D0F331E00D5CC42 /* Main.storyboard */; };
		4887A5491D0F331F00D5CC42 /* Assets.xcassets in Resources */ = {isa = PBXBuildFile; fileRef = 4887A5481D0F331F00D5CC42 /* Assets.xcassets */; };
		4887A54C1D0F331F00D5CC42 /* LaunchScreen.storyboard in Resources */ = {isa = PBXBuildFile; fileRef = 4887A54A1D0F331F00D5CC42 /* LaunchScreen.storyboard */; };
		4887A5571D0F331F00D5CC42 /* KidStartrTests.swift in Sources */ = {isa = PBXBuildFile; fileRef = 4887A5561D0F331F00D5CC42 /* KidStartrTests.swift */; };
		4887A5621D0F331F00D5CC42 /* KidStartrUITests.swift in Sources */ = {isa = PBXBuildFile; fileRef = 4887A5611D0F331F00D5CC42 /* KidStartrUITests.swift */; };
/* End PBXBuildFile section */

/* Begin PBXContainerItemProxy section */
		4887A5531D0F331F00D5CC42 /* PBXContainerItemProxy */ = {
			isa = PBXContainerItemProxy;
			containerPortal = 4887A5361D0F331E00D5CC42 /* Project object */;
			proxyType = 1;
			remoteGlobalIDString = 4887A53D1D0F331E00D5CC42;
			remoteInfo = KidStartr;
		};
		4887A55E1D0F331F00D5CC42 /* PBXContainerItemProxy */ = {
			isa = PBXContainerItemProxy;
			containerPortal = 4887A5361D0F331E00D5CC42 /* Project object */;
			proxyType = 1;
			remoteGlobalIDString = 4887A53D1D0F331E00D5CC42;
			remoteInfo = KidStartr;
		};
/* End PBXContainerItemProxy section */

/* Begin PBXFileReference section */
		4887A53E1D0F331E00D5CC42 /* KidStartr.app */ = {isa = PBXFileReference; explicitFileType = wrapper.application; includeInIndex = 0; path = KidStartr.app; sourceTree = BUILT_PRODUCTS_DIR; };
		4887A5411D0F331E00D5CC42 /* AppDelegate.swift */ = {isa = PBXFileReference; lastKnownFileType = sourcecode.swift; path = AppDelegate.swift; sourceTree = "<group>"; };
		4887A5431D0F331E00D5CC42 /* ViewController.swift */ = {isa = PBXFileReference; lastKnownFileType = sourcecode.swift; path = ViewController.swift; sourceTree = "<group>"; };
		4887A5461D0F331E00D5CC42 /* Base */ = {isa = PBXFileReference; lastKnownFileType = file.storyboard; name = Base; path = Base.lproj/Main.storyboard; sourceTree = "<group>"; };
		4887A5481D0F331F00D5CC42 /* Assets.xcassets */ = {isa = PBXFileReference; lastKnownFileType = folder.assetcatalog; path = Assets.xcassets; sourceTree = "<group>"; };
		4887A54B1D0F331F00D5CC42 /* Base */ = {isa = PBXFileReference; lastKnownFileType = file.storyboard; name = Base; path = Base.lproj/LaunchScreen.storyboard; sourceTree = "<group>"; };
		4887A54D1D0F331F00D5CC42 /* Info.plist */ = {isa = PBXFileReference; lastKnownFileType = text.plist.xml; path = Info.plist; sourceTree = "<group>"; };
		4887A5521D0F331F00D5CC42 /* KidStartrTests.xctest */ = {isa = PBXFileReference; explicitFileType = wrapper.cfbundle; includeInIndex = 0; path = KidStartrTests.xctest; sourceTree = BUILT_PRODUCTS_DIR; };
		4887A5561D0F331F00D5CC42 /* KidStartrTests.swift */ = {isa = PBXFileReference; lastKnownFileType = sourcecode.swift; path = KidStartrTests.swift; sourceTree = "<group>"; };
		4887A5581D0F331F00D5CC42 /* Info.plist */ = {isa = PBXFileReference; lastKnownFileType = text.plist.xml; path = Info.plist; sourceTree = "<group>"; };
		4887A55D1D0F331F00D5CC42 /* KidStartrUITests.xctest */ = {isa = PBXFileReference; explicitFileType = wrapper.cfbundle; includeInIndex = 0; path = KidStartrUITests.xctest; sourceTree = BUILT_PRODUCTS_DIR; };
		4887A5611D0F331F00D5CC42 /* KidStartrUITests.swift */ = {isa = PBXFileReference; lastKnownFileType = sourcecode.swift; path = KidStartrUITests.swift; sourceTree = "<group>"; };
		4887A5631D0F331F00D5CC42 /* Info.plist */ = {isa = PBXFileReference; lastKnownFileType = text.plist.xml; path = Info.plist; sourceTree = "<group>"; };
/* End PBXFileReference section */

/* Begin PBXFrameworksBuildPhase section */
		4887A53B1D0F331E00D5CC42 /* Frameworks */ = {
			isa = PBXFrameworksBuildPhase;
			buildActionMask = 2147483647;
			files = (
			);
			runOnlyForDeploymentPostprocessing = 0;
		};
		4887A54F1D0F331F00D5CC42 /* Frameworks */ = {
			isa = PBXFrameworksBuildPhase;
			buildActionMask = 2147483647;
			files = (
			);
			runOnlyForDeploymentPostprocessing = 0;
		};
		4887A55A1D0F331F00D5CC42 /* Frameworks */ = {
			isa = PBXFrameworksBuildPhase;
			buildActionMask = 2147483647;
			files = (
			);
			runOnlyForDeploymentPostprocessing = 0;
		};
/* End PBXFrameworksBuildPhase section */

/* Begin PBXGroup section */
		4887A5351D0F331E00D5CC42 = {
			isa = PBXGroup;
			children = (
				4887A5401D0F331E00D5CC42 /* KidStartr */,
				4887A5551D0F331F00D5CC42 /* KidStartrTests */,
				4887A5601D0F331F00D5CC42 /* KidStartrUITests */,
				4887A53F1D0F331E00D5CC42 /* Products */,
			);
			sourceTree = "<group>";
		};
		4887A53F1D0F331E00D5CC42 /* Products */ = {
			isa = PBXGroup;
			children = (
				4887A53E1D0F331E00D5CC42 /* KidStartr.app */,
				4887A5521D0F331F00D5CC42 /* KidStartrTests.xctest */,
				4887A55D1D0F331F00D5CC42 /* KidStartrUITests.xctest */,
			);
			name = Products;
			sourceTree = "<group>";
		};
		4887A5401D0F331E00D5CC42 /* KidStartr */ = {
			isa = PBXGroup;
			children = (
				4887A5411D0F331E00D5CC42 /* AppDelegate.swift */,
				4887A5431D0F331E00D5CC42 /* ViewController.swift */,
				4887A5451D0F331E00D5CC42 /* Main.storyboard */,
				4887A5481D0F331F00D5CC42 /* Assets.xcassets */,
				4887A54A1D0F331F00D5CC42 /* LaunchScreen.storyboard */,
				4887A54D1D0F331F00D5CC42 /* Info.plist */,
			);
			path = KidStartr;
			sourceTree = "<group>";
		};
		4887A5551D0F331F00D5CC42 /* KidStartrTests */ = {
			isa = PBXGroup;
			children = (
				4887A5561D0F331F00D5CC42 /* KidStartrTests.swift */,
				4887A5581D0F331F00D5CC42 /* Info.plist */,
			);
			path = KidStartrTests;
			sourceTree = "<group>";
		};
		4887A5601D0F331F00D5CC42 /* KidStartrUITests */ = {
			isa = PBXGroup;
			children = (
				4887A5611D0F331F00D5CC42 /* KidStartrUITests.swift */,
				4887A5631D0F331F00D5CC42 /* Info.plist */,
			);
			path = KidStartrUITests;
			sourceTree = "<group>";
		};
/* End PBXGroup section */

/* Begin PBXNativeTarget section */
		4887A53D1D0F331E00D5CC42 /* KidStartr */ = {
			isa = PBXNativeTarget;
			buildConfigurationList = 4887A5661D0F331F00D5CC42 /* Build configuration list for PBXNativeTarget "KidStartr" */;
			buildPhases = (
				4887A53A1D0F331E00D5CC42 /* Sources */,
				4887A53B1D0F331E00D5CC42 /* Frameworks */,
				4887A53C1D0F331E00D5CC42 /* Resources */,
			);
			buildRules = (
			);
			dependencies = (
			);
			name = KidStartr;
			productName = KidStartr;
			productReference = 4887A53E1D0F331E00D5CC42 /* KidStartr.app */;
			productType = "com.apple.product-type.application";
		};
		4887A5511D0F331F00D5CC42 /* KidStartrTests */ = {
			isa = PBXNativeTarget;
			buildConfigurationList = 4887A5691D0F331F00D5CC42 /* Build configuration list for PBXNativeTarget "KidStartrTests" */;
			buildPhases = (
				4887A54E1D0F331F00D5CC42 /* Sources */,
				4887A54F1D0F331F00D5CC42 /* Frameworks */,
				4887A5501D0F331F00D5CC42 /* Resources */,
			);
			buildRules = (
			);
			dependencies = (
				4887A5541D0F331F00D5CC42 /* PBXTargetDependency */,
			);
			name = KidStartrTests;
			productName = KidStartrTests;
			productReference = 4887A5521D0F331F00D5CC42 /* KidStartrTests.xctest */;
			productType = "com.apple.product-type.bundle.unit-test";
		};
		4887A55C1D0F331F00D5CC42 /* KidStartrUITests */ = {
			isa = PBXNativeTarget;
			buildConfigurationList = 4887A56C1D0F331F00D5CC42 /* Build configuration list for PBXNativeTarget "KidStartrUITests" */;
			buildPhases = (
				4887A5591D0F331F00D5CC42 /* Sources */,
				4887A55A1D0F331F00D5CC42 /* Frameworks */,
				4887A55B1D0F331F00D5CC42 /* Resources */,
			);
			buildRules = (
			);
			dependencies = (
				4887A55F1D0F331F00D5CC42 /* PBXTargetDependency */,
			);
			name = KidStartrUITests;
			productName = KidStartrUITests;
			productReference = 4887A55D1D0F331F00D5CC42 /* KidStartrUITests.xctest */;
			productType = "com.apple.product-type.bundle.ui-testing";
		};
/* End PBXNativeTarget section */

/* Begin PBXProject section */
		4887A5361D0F331E00D5CC42 /* Project object */ = {
			isa = PBXProject;
			attributes = {
				LastSwiftUpdateCheck = 0730;
				LastUpgradeCheck = 0730;
				ORGANIZATIONNAME = "Matt Keating";
				TargetAttributes = {
					4887A53D1D0F331E00D5CC42 = {
						CreatedOnToolsVersion = 7.3;
					};
					4887A5511D0F331F00D5CC42 = {
						CreatedOnToolsVersion = 7.3;
						TestTargetID = 4887A53D1D0F331E00D5CC42;
					};
					4887A55C1D0F331F00D5CC42 = {
						CreatedOnToolsVersion = 7.3;
						TestTargetID = 4887A53D1D0F331E00D5CC42;
					};
				};
			};
			buildConfigurationList = 4887A5391D0F331E00D5CC42 /* Build configuration list for PBXProject "KidStartr" */;
			compatibilityVersion = "Xcode 3.2";
			developmentRegion = English;
			hasScannedForEncodings = 0;
			knownRegions = (
				en,
				Base,
			);
			mainGroup = 4887A5351D0F331E00D5CC42;
			productRefGroup = 4887A53F1D0F331E00D5CC42 /* Products */;
			projectDirPath = "";
			projectRoot = "";
			targets = (
				4887A53D1D0F331E00D5CC42 /* KidStartr */,
				4887A5511D0F331F00D5CC42 /* KidStartrTests */,
				4887A55C1D0F331F00D5CC42 /* KidStartrUITests */,
			);
		};
/* End PBXProject section */

/* Begin PBXResourcesBuildPhase section */
		4887A53C1D0F331E00D5CC42 /* Resources */ = {
			isa = PBXResourcesBuildPhase;
			buildActionMask = 2147483647;
			files = (
				4887A54C1D0F331F00D5CC42 /* LaunchScreen.storyboard in Resources */,
				4887A5491D0F331F00D5CC42 /* Assets.xcassets in Resources */,
				4887A5471D0F331E00D5CC42 /* Main.storyboard in Resources */,
			);
			runOnlyForDeploymentPostprocessing = 0;
		};
		4887A5501D0F331F00D5CC42 /* Resources */ = {
			isa = PBXResourcesBuildPhase;
			buildActionMask = 2147483647;
			files = (
			);
			runOnlyForDeploymentPostprocessing = 0;
		};
		4887A55B1D0F331F00D5CC42 /* Resources */ = {
			isa = PBXResourcesBuildPhase;
			buildActionMask = 2147483647;
			files = (
			);
			runOnlyForDeploymentPostprocessing = 0;
		};
/* End PBXResourcesBuildPhase section */

/* Begin PBXSourcesBuildPhase section */
		4887A53A1D0F331E00D5CC42 /* Sources */ = {
			isa = PBXSourcesBuildPhase;
			buildActionMask = 2147483647;
			files = (
				4887A5441D0F331E00D5CC42 /* ViewController.swift in Sources */,
				4887A5421D0F331E00D5CC42 /* AppDelegate.swift in Sources */,
			);
			runOnlyForDeploymentPostprocessing = 0;
		};
		4887A54E1D0F331F00D5CC42 /* Sources */ = {
			isa = PBXSourcesBuildPhase;
			buildActionMask = 2147483647;
			files = (
				4887A5571D0F331F00D5CC42 /* KidStartrTests.swift in Sources */,
			);
			runOnlyForDeploymentPostprocessing = 0;
		};
		4887A5591D0F331F00D5CC42 /* Sources */ = {
			isa = PBXSourcesBuildPhase;
			buildActionMask = 2147483647;
			files = (
				4887A5621D0F331F00D5CC42 /* KidStartrUITests.swift in Sources */,
			);
			runOnlyForDeploymentPostprocessing = 0;
		};
/* End PBXSourcesBuildPhase section */

/* Begin PBXTargetDependency section */
		4887A5541D0F331F00D5CC42 /* PBXTargetDependency */ = {
			isa = PBXTargetDependency;
			target = 4887A53D1D0F331E00D5CC42 /* KidStartr */;
			targetProxy = 4887A5531D0F331F00D5CC42 /* PBXContainerItemProxy */;
		};
		4887A55F1D0F331F00D5CC42 /* PBXTargetDependency */ = {
			isa = PBXTargetDependency;
			target = 4887A53D1D0F331E00D5CC42 /* KidStartr */;
			targetProxy = 4887A55E1D0F331F00D5CC42 /* PBXContainerItemProxy */;
		};
/* End PBXTargetDependency section */

/* Begin PBXVariantGroup section */
		4887A5451D0F331E00D5CC42 /* Main.storyboard */ = {
			isa = PBXVariantGroup;
			children = (
				4887A5461D0F331E00D5CC42 /* Base */,
			);
			name = Main.storyboard;
			sourceTree = "<group>";
		};
		4887A54A1D0F331F00D5CC42 /* LaunchScreen.storyboard */ = {
			isa = PBXVariantGroup;
			children = (
				4887A54B1D0F331F00D5CC42 /* Base */,
			);
			name = LaunchScreen.storyboard;
			sourceTree = "<group>";
		};
/* End PBXVariantGroup section */

/* Begin XCBuildConfiguration section */
		4887A5641D0F331F00D5CC42 /* Debug */ = {
			isa = XCBuildConfiguration;
			buildSettings = {
				ALWAYS_SEARCH_USER_PATHS = NO;
				CLANG_ANALYZER_NONNULL = YES;
				CLANG_CXX_LANGUAGE_STANDARD = "gnu++0x";
				CLANG_CXX_LIBRARY = "libc++";
				CLANG_ENABLE_MODULES = YES;
				CLANG_ENABLE_OBJC_ARC = YES;
				CLANG_WARN_BOOL_CONVERSION = YES;
				CLANG_WARN_CONSTANT_CONVERSION = YES;
				CLANG_WARN_DIRECT_OBJC_ISA_USAGE = YES_ERROR;
				CLANG_WARN_EMPTY_BODY = YES;
				CLANG_WARN_ENUM_CONVERSION = YES;
				CLANG_WARN_INT_CONVERSION = YES;
				CLANG_WARN_OBJC_ROOT_CLASS = YES_ERROR;
				CLANG_WARN_UNREACHABLE_CODE = YES;
				CLANG_WARN__DUPLICATE_METHOD_MATCH = YES;
				"CODE_SIGN_IDENTITY[sdk=iphoneos*]" = "iPhone Developer";
				COPY_PHASE_STRIP = NO;
				DEBUG_INFORMATION_FORMAT = dwarf;
				ENABLE_STRICT_OBJC_MSGSEND = YES;
				ENABLE_TESTABILITY = YES;
				GCC_C_LANGUAGE_STANDARD = gnu99;
				GCC_DYNAMIC_NO_PIC = NO;
				GCC_NO_COMMON_BLOCKS = YES;
				GCC_OPTIMIZATION_LEVEL = 0;
				GCC_PREPROCESSOR_DEFINITIONS = (
					"DEBUG=1",
					"$(inherited)",
				);
				GCC_WARN_64_TO_32_BIT_CONVERSION = YES;
				GCC_WARN_ABOUT_RETURN_TYPE = YES_ERROR;
				GCC_WARN_UNDECLARED_SELECTOR = YES;
				GCC_WARN_UNINITIALIZED_AUTOS = YES_AGGRESSIVE;
				GCC_WARN_UNUSED_FUNCTION = YES;
				GCC_WARN_UNUSED_VARIABLE = YES;
				IPHONEOS_DEPLOYMENT_TARGET = 9.3;
				MTL_ENABLE_DEBUG_INFO = YES;
				ONLY_ACTIVE_ARCH = YES;
				SDKROOT = iphoneos;
				SWIFT_OPTIMIZATION_LEVEL = "-Onone";
			};
			name = Debug;
		};
		4887A5651D0F331F00D5CC42 /* Release */ = {
			isa = XCBuildConfiguration;
			buildSettings = {
				ALWAYS_SEARCH_USER_PATHS = NO;
				CLANG_ANALYZER_NONNULL = YES;
				CLANG_CXX_LANGUAGE_STANDARD = "gnu++0x";
				CLANG_CXX_LIBRARY = "libc++";
				CLANG_ENABLE_MODULES = YES;
				CLANG_ENABLE_OBJC_ARC = YES;
				CLANG_WARN_BOOL_CONVERSION = YES;
				CLANG_WARN_CONSTANT_CONVERSION = YES;
				CLANG_WARN_DIRECT_OBJC_ISA_USAGE = YES_ERROR;
				CLANG_WARN_EMPTY_BODY = YES;
				CLANG_WARN_ENUM_CONVERSION = YES;
				CLANG_WARN_INT_CONVERSION = YES;
				CLANG_WARN_OBJC_ROOT_CLASS = YES_ERROR;
				CLANG_WARN_UNREACHABLE_CODE = YES;
				CLANG_WARN__DUPLICATE_METHOD_MATCH = YES;
				"CODE_SIGN_IDENTITY[sdk=iphoneos*]" = "iPhone Developer";
				COPY_PHASE_STRIP = NO;
				DEBUG_INFORMATION_FORMAT = "dwarf-with-dsym";
				ENABLE_NS_ASSERTIONS = NO;
				ENABLE_STRICT_OBJC_MSGSEND = YES;
				GCC_C_LANGUAGE_STANDARD = gnu99;
				GCC_NO_COMMON_BLOCKS = YES;
				GCC_WARN_64_TO_32_BIT_CONVERSION = YES;
				GCC_WARN_ABOUT_RETURN_TYPE = YES_ERROR;
				GCC_WARN_UNDECLARED_SELECTOR = YES;
				GCC_WARN_UNINITIALIZED_AUTOS = YES_AGGRESSIVE;
				GCC_WARN_UNUSED_FUNCTION = YES;
				GCC_WARN_UNUSED_VARIABLE = YES;
				IPHONEOS_DEPLOYMENT_TARGET = 9.3;
				MTL_ENABLE_DEBUG_INFO = NO;
				SDKROOT = iphoneos;
				VALIDATE_PRODUCT = YES;
			};
			name = Release;
		};
		4887A5671D0F331F00D5CC42 /* Debug */ = {
			isa = XCBuildConfiguration;
			buildSettings = {
				ASSETCATALOG_COMPILER_APPICON_NAME = AppIcon;
				INFOPLIST_FILE = KidStartr/Info.plist;
				LD_RUNPATH_SEARCH_PATHS = "$(inherited) @executable_path/Frameworks";
				PRODUCT_BUNDLE_IDENTIFIER = com.KidStartr.KidStartr;
				PRODUCT_NAME = "$(TARGET_NAME)";
			};
			name = Debug;
		};
		4887A5681D0F331F00D5CC42 /* Release */ = {
			isa = XCBuildConfiguration;
			buildSettings = {
				ASSETCATALOG_COMPILER_APPICON_NAME = AppIcon;
				INFOPLIST_FILE = KidStartr/Info.plist;
				LD_RUNPATH_SEARCH_PATHS = "$(inherited) @executable_path/Frameworks";
				PRODUCT_BUNDLE_IDENTIFIER = com.KidStartr.KidStartr;
				PRODUCT_NAME = "$(TARGET_NAME)";
			};
			name = Release;
		};
		4887A56A1D0F331F00D5CC42 /* Debug */ = {
			isa = XCBuildConfiguration;
			buildSettings = {
				BUNDLE_LOADER = "$(TEST_HOST)";
				INFOPLIST_FILE = KidStartrTests/Info.plist;
				LD_RUNPATH_SEARCH_PATHS = "$(inherited) @executable_path/Frameworks @loader_path/Frameworks";
				PRODUCT_BUNDLE_IDENTIFIER = com.KidStartr.KidStartrTests;
				PRODUCT_NAME = "$(TARGET_NAME)";
				TEST_HOST = "$(BUILT_PRODUCTS_DIR)/KidStartr.app/KidStartr";
			};
			name = Debug;
		};
		4887A56B1D0F331F00D5CC42 /* Release */ = {
			isa = XCBuildConfiguration;
			buildSettings = {
				BUNDLE_LOADER = "$(TEST_HOST)";
				INFOPLIST_FILE = KidStartrTests/Info.plist;
				LD_RUNPATH_SEARCH_PATHS = "$(inherited) @executable_path/Frameworks @loader_path/Frameworks";
				PRODUCT_BUNDLE_IDENTIFIER = com.KidStartr.KidStartrTests;
				PRODUCT_NAME = "$(TARGET_NAME)";
				TEST_HOST = "$(BUILT_PRODUCTS_DIR)/KidStartr.app/KidStartr";
			};
			name = Release;
		};
		4887A56D1D0F331F00D5CC42 /* Debug */ = {
			isa = XCBuildConfiguration;
			buildSettings = {
				INFOPLIST_FILE = KidStartrUITests/Info.plist;
				LD_RUNPATH_SEARCH_PATHS = "$(inherited) @executable_path/Frameworks @loader_path/Frameworks";
				PRODUCT_BUNDLE_IDENTIFIER = com.KidStartr.KidStartrUITests;
				PRODUCT_NAME = "$(TARGET_NAME)";
				TEST_TARGET_NAME = KidStartr;
			};
			name = Debug;
		};
		4887A56E1D0F331F00D5CC42 /* Release */ = {
			isa = XCBuildConfiguration;
			buildSettings = {
				INFOPLIST_FILE = KidStartrUITests/Info.plist;
				LD_RUNPATH_SEARCH_PATHS = "$(inherited) @executable_path/Frameworks @loader_path/Frameworks";
				PRODUCT_BUNDLE_IDENTIFIER = com.KidStartr.KidStartrUITests;
				PRODUCT_NAME = "$(TARGET_NAME)";
				TEST_TARGET_NAME = KidStartr;
			};
			name = Release;
		};
/* End XCBuildConfiguration section */

/* Begin XCConfigurationList section */
		4887A5391D0F331E00D5CC42 /* Build configuration list for PBXProject "KidStartr" */ = {
			isa = XCConfigurationList;
			buildConfigurations = (
				4887A5641D0F331F00D5CC42 /* Debug */,
				4887A5651D0F331F00D5CC42 /* Release */,
			);
			defaultConfigurationIsVisible = 0;
			defaultConfigurationName = Release;
		};
		4887A5661D0F331F00D5CC42 /* Build configuration list for PBXNativeTarget "KidStartr" */ = {
			isa = XCConfigurationList;
			buildConfigurations = (
				4887A5671D0F331F00D5CC42 /* Debug */,
				4887A5681D0F331F00D5CC42 /* Release */,
			);
			defaultConfigurationIsVisible = 0;
		};
		4887A5691D0F331F00D5CC42 /* Build configuration list for PBXNativeTarget "KidStartrTests" */ = {
			isa = XCConfigurationList;
			buildConfigurations = (
				4887A56A1D0F331F00D5CC42 /* Debug */,
				4887A56B1D0F331F00D5CC42 /* Release */,
			);
			defaultConfigurationIsVisible = 0;
		};
		4887A56C1D0F331F00D5CC42 /* Build configuration list for PBXNativeTarget "KidStartrUITests" */ = {
			isa = XCConfigurationList;
			buildConfigurations = (
				4887A56D1D0F331F00D5CC42 /* Debug */,
				4887A56E1D0F331F00D5CC42 /* Release */,
			);
			defaultConfigurationIsVisible = 0;
		};
/* End XCConfigurationList section */
	};
	rootObject = 4887A5361D0F331E00D5CC42 /* Project object */;
}
